{
    "name": "vscode-extension-telemetry",
    "version": "0.1.1",
    "lockfileVersion": 1,
    "requires": true,
    "dependencies": {
        "@types/node": {
            "version": "6.0.117",
            "resolved": "https://registry.npmjs.org/@types/node/-/node-6.0.117.tgz",
            "integrity": "sha512-sihk0SnN8PpiS5ihu5xJQ5ddnURNq4P+XPmW+nORlKkHy21CoZO/IVHK/Wq/l3G8fFW06Fkltgnqx229uPlnRg==",
            "dev": true
        },
        "@types/vscode": {
            "version": "1.35.0",
            "resolved": "https://registry.npmjs.org/@types/vscode/-/vscode-1.35.0.tgz",
            "integrity": "sha512-Iyliuu8Hv4qy4TEaevQzChh9UsTEcuaKdcHXBbvJnoJSF5Td2yNENOrPK+vuOaXJJBhQZb4BNJKOxt6caaQR8A==",
            "dev": true
        },
        "applicationinsights": {
            "version": "1.0.8",
            "resolved": "https://registry.npmjs.org/applicationinsights/-/applicationinsights-1.0.8.tgz",
            "integrity": "sha512-KzOOGdphOS/lXWMFZe5440LUdFbrLpMvh2SaRxn7BmiI550KAoSb2gIhiq6kJZ9Ir3AxRRztjhzif+e5P5IXIg==",
            "requires": {
                "diagnostic-channel": "0.2.0",
                "diagnostic-channel-publishers": "0.2.1",
                "zone.js": "0.7.6"
            }
        },
        "diagnostic-channel": {
            "version": "0.2.0",
            "resolved": "https://registry.npmjs.org/diagnostic-channel/-/diagnostic-channel-0.2.0.tgz",
            "integrity": "sha1-zJmvlhLCP7H/8TYSxy8sv6qNWhc=",
            "requires": {
                "semver": "^5.3.0"
            }
        },
        "diagnostic-channel-publishers": {
            "version": "0.2.1",
            "resolved": "https://registry.npmjs.org/diagnostic-channel-publishers/-/diagnostic-channel-publishers-0.2.1.tgz",
            "integrity": "sha1-ji1geottef6IC1SLxYzGvrKIxPM="
        },
        "semver": {
            "version": "5.5.1",
            "resolved": "https://registry.npmjs.org/semver/-/semver-5.5.1.tgz",
            "integrity": "sha512-PqpAxfrEhlSUWge8dwIp4tZnQ25DIOthpiaHNIthsjEFQD6EvqUKUDM7L8O2rShkFccYo1VjJR0coWfNkCubRw=="
        },
        "typescript": {
            "version": "2.9.2",
            "resolved": "https://registry.npmjs.org/typescript/-/typescript-2.9.2.tgz",
            "integrity": "sha512-Gr4p6nFNaoufRIY4NMdpQRNmgxVIGMs4Fcu/ujdYk3nAZqk7supzBE9idmvfZIlH/Cuj//dvi+019qEue9lV0w==",
            "dev": true
        },
        "zone.js": {
            "version": "0.7.6",
            "resolved": "https://registry.npmjs.org/zone.js/-/zone.js-0.7.6.tgz",
            "integrity": "sha1-+7w50+AmHQmG8boGMG6zrrDSIAk="
        }
    }
}
